
Microsoft Visual Studio Solution File, Format Version 12.00
# Visual Studio Version 17
VisualStudioVersion = 17.0.31903.59
MinimumVisualStudioVersion = 10.0.40219.1
Project("{2150E333-8FDC-42A3-9474-1A3956D46DE8}") = "chapter-03", "chapter-03", "{44596733-3336-636E-770D-E71607DF8584}"
EndProject
Project("{FAE04EC0-301F-11D3-BF4B-00C04F79EFBC}") = "overflow", "chapter-03\overflow\overflow.csproj", "{5219E4AC-5FD3-4EF7-89F3-54BA4F022BE7}"
EndProject
Project("{2150E333-8FDC-42A3-9474-1A3956D46DE8}") = "chapter-04", "chapter-04", "{3EC1C72B-6E6E-41C8-41B0-6305FFCC1839}"
EndProject
Project("{FAE04EC0-301F-11D3-BF4B-00C04F79EFBC}") = "CalculatorLib", "chapter-04\CalculatorLib\CalculatorLib.csproj", "{6DE1F7E2-54AE-43DA-8201-1C825DF7E725}"
EndProject
Project("{FAE04EC0-301F-11D3-BF4B-00C04F79EFBC}") = "CallStackExceptionHandlingLib", "chapter-04\CallStackExceptionHandlingLib\CallStackExceptionHandlingLib.csproj", "{F1EB9780-BA13-4C4C-8911-8D4BDF1DEE1A}"
EndProject
Project("{FAE04EC0-301F-11D3-BF4B-00C04F79EFBC}") = "CallStackExceptionHandling", "chapter-04\CallStackExceptionHandling\CallStackExceptionHandling.csproj", "{7EF2E949-67B9-47A9-825B-F34536AAA2EC}"
EndProject
Project("{FAE04EC0-301F-11D3-BF4B-00C04F79EFBC}") = "Exercise_PrimeFactorsLib", "chapter-04\Exercise_PrimeFactorsLib\Exercise_PrimeFactorsLib.csproj", "{99020D2E-2B69-42F4-8F57-995D98DE3480}"
EndProject
Project("{FAE04EC0-301F-11D3-BF4B-00C04F79EFBC}") = "Exercise_PrimeFactorsApp", "chapter-04\Exercise_PrimeFactorsApp\Exercise_PrimeFactorsApp.csproj", "{4C39F8FB-6E20-4402-AD50-6417F102C622}"
EndProject
Project("{2150E333-8FDC-42A3-9474-1A3956D46DE8}") = "chapter-05", "chapter-05", "{D84BF8CE-73EC-DD83-193A-0F614A8DBD76}"
EndProject
Project("{FAE04EC0-301F-11D3-BF4B-00C04F79EFBC}") = "PacktLibraryNet2", "chapter-05\PacktLibraryNet2\PacktLibraryNet2.csproj", "{7CA9E319-1C23-4006-B78A-720314AE16FD}"
EndProject
Project("{FAE04EC0-301F-11D3-BF4B-00C04F79EFBC}") = "PeopleApp", "chapter-05\PeopleApp\PeopleApp.csproj", "{E0F7E2B6-969D-44A8-BAAE-275E06442514}"
EndProject
Global
	GlobalSection(SolutionConfigurationPlatforms) = preSolution
		Debug|Any CPU = Debug|Any CPU
		Debug|x64 = Debug|x64
		Debug|x86 = Debug|x86
		Release|Any CPU = Release|Any CPU
		Release|x64 = Release|x64
		Release|x86 = Release|x86
	EndGlobalSection
	GlobalSection(ProjectConfigurationPlatforms) = postSolution
		{5219E4AC-5FD3-4EF7-89F3-54BA4F022BE7}.Debug|Any CPU.ActiveCfg = Debug|Any CPU
		{5219E4AC-5FD3-4EF7-89F3-54BA4F022BE7}.Debug|Any CPU.Build.0 = Debug|Any CPU
		{5219E4AC-5FD3-4EF7-89F3-54BA4F022BE7}.Debug|x64.ActiveCfg = Debug|Any CPU
		{5219E4AC-5FD3-4EF7-89F3-54BA4F022BE7}.Debug|x64.Build.0 = Debug|Any CPU
		{5219E4AC-5FD3-4EF7-89F3-54BA4F022BE7}.Debug|x86.ActiveCfg = Debug|Any CPU
		{5219E4AC-5FD3-4EF7-89F3-54BA4F022BE7}.Debug|x86.Build.0 = Debug|Any CPU
		{5219E4AC-5FD3-4EF7-89F3-54BA4F022BE7}.Release|Any CPU.ActiveCfg = Release|Any CPU
		{5219E4AC-5FD3-4EF7-89F3-54BA4F022BE7}.Release|Any CPU.Build.0 = Release|Any CPU
		{5219E4AC-5FD3-4EF7-89F3-54BA4F022BE7}.Release|x64.ActiveCfg = Release|Any CPU
		{5219E4AC-5FD3-4EF7-89F3-54BA4F022BE7}.Release|x64.Build.0 = Release|Any CPU
		{5219E4AC-5FD3-4EF7-89F3-54BA4F022BE7}.Release|x86.ActiveCfg = Release|Any CPU
		{5219E4AC-5FD3-4EF7-89F3-54BA4F022BE7}.Release|x86.Build.0 = Release|Any CPU
		{6DE1F7E2-54AE-43DA-8201-1C825DF7E725}.Debug|Any CPU.ActiveCfg = Debug|Any CPU
		{6DE1F7E2-54AE-43DA-8201-1C825DF7E725}.Debug|Any CPU.Build.0 = Debug|Any CPU
		{6DE1F7E2-54AE-43DA-8201-1C825DF7E725}.Debug|x64.ActiveCfg = Debug|Any CPU
		{6DE1F7E2-54AE-43DA-8201-1C825DF7E725}.Debug|x64.Build.0 = Debug|Any CPU
		{6DE1F7E2-54AE-43DA-8201-1C825DF7E725}.Debug|x86.ActiveCfg = Debug|Any CPU
		{6DE1F7E2-54AE-43DA-8201-1C825DF7E725}.Debug|x86.Build.0 = Debug|Any CPU
		{6DE1F7E2-54AE-43DA-8201-1C825DF7E725}.Release|Any CPU.ActiveCfg = Release|Any CPU
		{6DE1F7E2-54AE-43DA-8201-1C825DF7E725}.Release|Any CPU.Build.0 = Release|Any CPU
		{6DE1F7E2-54AE-43DA-8201-1C825DF7E725}.Release|x64.ActiveCfg = Release|Any CPU
		{6DE1F7E2-54AE-43DA-8201-1C825DF7E725}.Release|x64.Build.0 = Release|Any CPU
		{6DE1F7E2-54AE-43DA-8201-1C825DF7E725}.Release|x86.ActiveCfg = Release|Any CPU
		{6DE1F7E2-54AE-43DA-8201-1C825DF7E725}.Release|x86.Build.0 = Release|Any CPU
		{F1EB9780-BA13-4C4C-8911-8D4BDF1DEE1A}.Debug|Any CPU.ActiveCfg = Debug|Any CPU
		{F1EB9780-BA13-4C4C-8911-8D4BDF1DEE1A}.Debug|Any CPU.Build.0 = Debug|Any CPU
		{F1EB9780-BA13-4C4C-8911-8D4BDF1DEE1A}.Debug|x64.ActiveCfg = Debug|Any CPU
		{F1EB9780-BA13-4C4C-8911-8D4BDF1DEE1A}.Debug|x64.Build.0 = Debug|Any CPU
		{F1EB9780-BA13-4C4C-8911-8D4BDF1DEE1A}.Debug|x86.ActiveCfg = Debug|Any CPU
		{F1EB9780-BA13-4C4C-8911-8D4BDF1DEE1A}.Debug|x86.Build.0 = Debug|Any CPU
		{F1EB9780-BA13-4C4C-8911-8D4BDF1DEE1A}.Release|Any CPU.ActiveCfg = Release|Any CPU
		{F1EB9780-BA13-4C4C-8911-8D4BDF1DEE1A}.Release|Any CPU.Build.0 = Release|Any CPU
		{F1EB9780-BA13-4C4C-8911-8D4BDF1DEE1A}.Release|x64.ActiveCfg = Release|Any CPU
		{F1EB9780-BA13-4C4C-8911-8D4BDF1DEE1A}.Release|x64.Build.0 = Release|Any CPU
		{F1EB9780-BA13-4C4C-8911-8D4BDF1DEE1A}.Release|x86.ActiveCfg = Release|Any CPU
		{F1EB9780-BA13-4C4C-8911-8D4BDF1DEE1A}.Release|x86.Build.0 = Release|Any CPU
		{7EF2E949-67B9-47A9-825B-F34536AAA2EC}.Debug|Any CPU.ActiveCfg = Debug|Any CPU
		{7EF2E949-67B9-47A9-825B-F34536AAA2EC}.Debug|Any CPU.Build.0 = Debug|Any CPU
		{7EF2E949-67B9-47A9-825B-F34536AAA2EC}.Debug|x64.ActiveCfg = Debug|Any CPU
		{7EF2E949-67B9-47A9-825B-F34536AAA2EC}.Debug|x64.Build.0 = Debug|Any CPU
		{7EF2E949-67B9-47A9-825B-F34536AAA2EC}.Debug|x86.ActiveCfg = Debug|Any CPU
		{7EF2E949-67B9-47A9-825B-F34536AAA2EC}.Debug|x86.Build.0 = Debug|Any CPU
		{7EF2E949-67B9-47A9-825B-F34536AAA2EC}.Release|Any CPU.ActiveCfg = Release|Any CPU
		{7EF2E949-67B9-47A9-825B-F34536AAA2EC}.Release|Any CPU.Build.0 = Release|Any CPU
		{7EF2E949-67B9-47A9-825B-F34536AAA2EC}.Release|x64.ActiveCfg = Release|Any CPU
		{7EF2E949-67B9-47A9-825B-F34536AAA2EC}.Release|x64.Build.0 = Release|Any CPU
		{7EF2E949-67B9-47A9-825B-F34536AAA2EC}.Release|x86.ActiveCfg = Release|Any CPU
		{7EF2E949-67B9-47A9-825B-F34536AAA2EC}.Release|x86.Build.0 = Release|Any CPU
		{99020D2E-2B69-42F4-8F57-995D98DE3480}.Debug|Any CPU.ActiveCfg = Debug|Any CPU
		{99020D2E-2B69-42F4-8F57-995D98DE3480}.Debug|Any CPU.Build.0 = Debug|Any CPU
		{99020D2E-2B69-42F4-8F57-995D98DE3480}.Debug|x64.ActiveCfg = Debug|Any CPU
		{99020D2E-2B69-42F4-8F57-995D98DE3480}.Debug|x64.Build.0 = Debug|Any CPU
		{99020D2E-2B69-42F4-8F57-995D98DE3480}.Debug|x86.ActiveCfg = Debug|Any CPU
		{99020D2E-2B69-42F4-8F57-995D98DE3480}.Debug|x86.Build.0 = Debug|Any CPU
		{99020D2E-2B69-42F4-8F57-995D98DE3480}.Release|Any CPU.ActiveCfg = Release|Any CPU
		{99020D2E-2B69-42F4-8F57-995D98DE3480}.Release|Any CPU.Build.0 = Release|Any CPU
		{99020D2E-2B69-42F4-8F57-995D98DE3480}.Release|x64.ActiveCfg = Release|Any CPU
		{99020D2E-2B69-42F4-8F57-995D98DE3480}.Release|x64.Build.0 = Release|Any CPU
		{99020D2E-2B69-42F4-8F57-995D98DE3480}.Release|x86.ActiveCfg = Release|Any CPU
		{99020D2E-2B69-42F4-8F57-995D98DE3480}.Release|x86.Build.0 = Release|Any CPU
		{4C39F8FB-6E20-4402-AD50-6417F102C622}.Debug|Any CPU.ActiveCfg = Debug|Any CPU
		{4C39F8FB-6E20-4402-AD50-6417F102C622}.Debug|Any CPU.Build.0 = Debug|Any CPU
		{4C39F8FB-6E20-4402-AD50-6417F102C622}.Debug|x64.ActiveCfg = Debug|Any CPU
		{4C39F8FB-6E20-4402-AD50-6417F102C622}.Debug|x64.Build.0 = Debug|Any CPU
		{4C39F8FB-6E20-4402-AD50-6417F102C622}.Debug|x86.ActiveCfg = Debug|Any CPU
		{4C39F8FB-6E20-4402-AD50-6417F102C622}.Debug|x86.Build.0 = Debug|Any CPU
		{4C39F8FB-6E20-4402-AD50-6417F102C622}.Release|Any CPU.ActiveCfg = Release|Any CPU
		{4C39F8FB-6E20-4402-AD50-6417F102C622}.Release|Any CPU.Build.0 = Release|Any CPU
		{4C39F8FB-6E20-4402-AD50-6417F102C622}.Release|x64.ActiveCfg = Release|Any CPU
		{4C39F8FB-6E20-4402-AD50-6417F102C622}.Release|x64.Build.0 = Release|Any CPU
		{4C39F8FB-6E20-4402-AD50-6417F102C622}.Release|x86.ActiveCfg = Release|Any CPU
		{4C39F8FB-6E20-4402-AD50-6417F102C622}.Release|x86.Build.0 = Release|Any CPU
		{7CA9E319-1C23-4006-B78A-720314AE16FD}.Debug|Any CPU.ActiveCfg = Debug|Any CPU
		{7CA9E319-1C23-4006-B78A-720314AE16FD}.Debug|Any CPU.Build.0 = Debug|Any CPU
		{7CA9E319-1C23-4006-B78A-720314AE16FD}.Debug|x64.ActiveCfg = Debug|Any CPU
		{7CA9E319-1C23-4006-B78A-720314AE16FD}.Debug|x64.Build.0 = Debug|Any CPU
		{7CA9E319-1C23-4006-B78A-720314AE16FD}.Debug|x86.ActiveCfg = Debug|Any CPU
		{7CA9E319-1C23-4006-B78A-720314AE16FD}.Debug|x86.Build.0 = Debug|Any CPU
		{7CA9E319-1C23-4006-B78A-720314AE16FD}.Release|Any CPU.ActiveCfg = Release|Any CPU
		{7CA9E319-1C23-4006-B78A-720314AE16FD}.Release|Any CPU.Build.0 = Release|Any CPU
		{7CA9E319-1C23-4006-B78A-720314AE16FD}.Release|x64.ActiveCfg = Release|Any CPU
		{7CA9E319-1C23-4006-B78A-720314AE16FD}.Release|x64.Build.0 = Release|Any CPU
		{7CA9E319-1C23-4006-B78A-720314AE16FD}.Release|x86.ActiveCfg = Release|Any CPU
		{7CA9E319-1C23-4006-B78A-720314AE16FD}.Release|x86.Build.0 = Release|Any CPU
		{E0F7E2B6-969D-44A8-BAAE-275E06442514}.Debug|Any CPU.ActiveCfg = Debug|Any CPU
		{E0F7E2B6-969D-44A8-BAAE-275E06442514}.Debug|Any CPU.Build.0 = Debug|Any CPU
		{E0F7E2B6-969D-44A8-BAAE-275E06442514}.Debug|x64.ActiveCfg = Debug|Any CPU
		{E0F7E2B6-969D-44A8-BAAE-275E06442514}.Debug|x64.Build.0 = Debug|Any CPU
		{E0F7E2B6-969D-44A8-BAAE-275E06442514}.Debug|x86.ActiveCfg = Debug|Any CPU
		{E0F7E2B6-969D-44A8-BAAE-275E06442514}.Debug|x86.Build.0 = Debug|Any CPU
		{E0F7E2B6-969D-44A8-BAAE-275E06442514}.Release|Any CPU.ActiveCfg = Release|Any CPU
		{E0F7E2B6-969D-44A8-BAAE-275E06442514}.Release|Any CPU.Build.0 = Release|Any CPU
		{E0F7E2B6-969D-44A8-BAAE-275E06442514}.Release|x64.ActiveCfg = Release|Any CPU
		{E0F7E2B6-969D-44A8-BAAE-275E06442514}.Release|x64.Build.0 = Release|Any CPU
		{E0F7E2B6-969D-44A8-BAAE-275E06442514}.Release|x86.ActiveCfg = Release|Any CPU
		{E0F7E2B6-969D-44A8-BAAE-275E06442514}.Release|x86.Build.0 = Release|Any CPU
	EndGlobalSection
	GlobalSection(SolutionProperties) = preSolution
		HideSolutionNode = FALSE
	EndGlobalSection
	GlobalSection(NestedProjects) = preSolution
		{5219E4AC-5FD3-4EF7-89F3-54BA4F022BE7} = {44596733-3336-636E-770D-E71607DF8584}
		{6DE1F7E2-54AE-43DA-8201-1C825DF7E725} = {3EC1C72B-6E6E-41C8-41B0-6305FFCC1839}
		{F1EB9780-BA13-4C4C-8911-8D4BDF1DEE1A} = {3EC1C72B-6E6E-41C8-41B0-6305FFCC1839}
		{7EF2E949-67B9-47A9-825B-F34536AAA2EC} = {3EC1C72B-6E6E-41C8-41B0-6305FFCC1839}
		{99020D2E-2B69-42F4-8F57-995D98DE3480} = {3EC1C72B-6E6E-41C8-41B0-6305FFCC1839}
		{4C39F8FB-6E20-4402-AD50-6417F102C622} = {3EC1C72B-6E6E-41C8-41B0-6305FFCC1839}
		{7CA9E319-1C23-4006-B78A-720314AE16FD} = {D84BF8CE-73EC-DD83-193A-0F614A8DBD76}
		{E0F7E2B6-969D-44A8-BAAE-275E06442514} = {D84BF8CE-73EC-DD83-193A-0F614A8DBD76}
	EndGlobalSection
EndGlobal
