
Microsoft Visual Studio Solution File, Format Version 12.00
# Visual Studio Version 17
VisualStudioVersion = 17.0.31903.59
MinimumVisualStudioVersion = 10.0.40219.1
Project("{FAE04EC0-301F-11D3-BF4B-00C04F79EFBC}") = "CalculatorLibUnitTests", "CalculatorLibUnitTests\CalculatorLibUnitTests.csproj", "{9FBC00E1-C150-430A-B263-86570E2E6961}"
EndProject
Project("{FAE04EC0-301F-11D3-BF4B-00C04F79EFBC}") = "CalculatorLib", "CalculatorLib\CalculatorLib.csproj", "{DF10A1DF-0DC1-453A-9B39-9876F643DA70}"
EndProject
Project("{FAE04EC0-301F-11D3-BF4B-00C04F79EFBC}") = "Exercise_PrimeFactorsTests", "Exercise_PrimeFactorsTests\Exercise_PrimeFactorsTests.csproj", "{4397DE3F-8B4B-4410-A7F4-A6174115FC8F}"
EndProject
Project("{FAE04EC0-301F-11D3-BF4B-00C04F79EFBC}") = "Exercise_PrimeFactorsLib", "Exercise_PrimeFactorsLib\Exercise_PrimeFactorsLib.csproj", "{B3908DE9-4ED2-45FC-9D8B-3CB46748DB37}"
EndProject
Project("{FAE04EC0-301F-11D3-BF4B-00C04F79EFBC}") = "Exercise_PrimeFactorsApp", "Exercise_PrimeFactorsApp\Exercise_PrimeFactorsApp.csproj", "{C9B1BBA7-8518-4FAD-B9A4-3524749AB6FC}"
EndProject
Global
	GlobalSection(SolutionConfigurationPlatforms) = preSolution
		Debug|Any CPU = Debug|Any CPU
		Debug|x64 = Debug|x64
		Debug|x86 = Debug|x86
		Release|Any CPU = Release|Any CPU
		Release|x64 = Release|x64
		Release|x86 = Release|x86
	EndGlobalSection
	GlobalSection(ProjectConfigurationPlatforms) = postSolution
		{9FBC00E1-C150-430A-B263-86570E2E6961}.Debug|Any CPU.ActiveCfg = Debug|Any CPU
		{9FBC00E1-C150-430A-B263-86570E2E6961}.Debug|Any CPU.Build.0 = Debug|Any CPU
		{9FBC00E1-C150-430A-B263-86570E2E6961}.Debug|x64.ActiveCfg = Debug|Any CPU
		{9FBC00E1-C150-430A-B263-86570E2E6961}.Debug|x64.Build.0 = Debug|Any CPU
		{9FBC00E1-C150-430A-B263-86570E2E6961}.Debug|x86.ActiveCfg = Debug|Any CPU
		{9FBC00E1-C150-430A-B263-86570E2E6961}.Debug|x86.Build.0 = Debug|Any CPU
		{9FBC00E1-C150-430A-B263-86570E2E6961}.Release|Any CPU.ActiveCfg = Release|Any CPU
		{9FBC00E1-C150-430A-B263-86570E2E6961}.Release|Any CPU.Build.0 = Release|Any CPU
		{9FBC00E1-C150-430A-B263-86570E2E6961}.Release|x64.ActiveCfg = Release|Any CPU
		{9FBC00E1-C150-430A-B263-86570E2E6961}.Release|x64.Build.0 = Release|Any CPU
		{9FBC00E1-C150-430A-B263-86570E2E6961}.Release|x86.ActiveCfg = Release|Any CPU
		{9FBC00E1-C150-430A-B263-86570E2E6961}.Release|x86.Build.0 = Release|Any CPU
		{DF10A1DF-0DC1-453A-9B39-9876F643DA70}.Debug|Any CPU.ActiveCfg = Debug|Any CPU
		{DF10A1DF-0DC1-453A-9B39-9876F643DA70}.Debug|Any CPU.Build.0 = Debug|Any CPU
		{DF10A1DF-0DC1-453A-9B39-9876F643DA70}.Debug|x64.ActiveCfg = Debug|Any CPU
		{DF10A1DF-0DC1-453A-9B39-9876F643DA70}.Debug|x64.Build.0 = Debug|Any CPU
		{DF10A1DF-0DC1-453A-9B39-9876F643DA70}.Debug|x86.ActiveCfg = Debug|Any CPU
		{DF10A1DF-0DC1-453A-9B39-9876F643DA70}.Debug|x86.Build.0 = Debug|Any CPU
		{DF10A1DF-0DC1-453A-9B39-9876F643DA70}.Release|Any CPU.ActiveCfg = Release|Any CPU
		{DF10A1DF-0DC1-453A-9B39-9876F643DA70}.Release|Any CPU.Build.0 = Release|Any CPU
		{DF10A1DF-0DC1-453A-9B39-9876F643DA70}.Release|x64.ActiveCfg = Release|Any CPU
		{DF10A1DF-0DC1-453A-9B39-9876F643DA70}.Release|x64.Build.0 = Release|Any CPU
		{DF10A1DF-0DC1-453A-9B39-9876F643DA70}.Release|x86.ActiveCfg = Release|Any CPU
		{DF10A1DF-0DC1-453A-9B39-9876F643DA70}.Release|x86.Build.0 = Release|Any CPU
		{4397DE3F-8B4B-4410-A7F4-A6174115FC8F}.Debug|Any CPU.ActiveCfg = Debug|Any CPU
		{4397DE3F-8B4B-4410-A7F4-A6174115FC8F}.Debug|Any CPU.Build.0 = Debug|Any CPU
		{4397DE3F-8B4B-4410-A7F4-A6174115FC8F}.Debug|x64.ActiveCfg = Debug|Any CPU
		{4397DE3F-8B4B-4410-A7F4-A6174115FC8F}.Debug|x64.Build.0 = Debug|Any CPU
		{4397DE3F-8B4B-4410-A7F4-A6174115FC8F}.Debug|x86.ActiveCfg = Debug|Any CPU
		{4397DE3F-8B4B-4410-A7F4-A6174115FC8F}.Debug|x86.Build.0 = Debug|Any CPU
		{4397DE3F-8B4B-4410-A7F4-A6174115FC8F}.Release|Any CPU.ActiveCfg = Release|Any CPU
		{4397DE3F-8B4B-4410-A7F4-A6174115FC8F}.Release|Any CPU.Build.0 = Release|Any CPU
		{4397DE3F-8B4B-4410-A7F4-A6174115FC8F}.Release|x64.ActiveCfg = Release|Any CPU
		{4397DE3F-8B4B-4410-A7F4-A6174115FC8F}.Release|x64.Build.0 = Release|Any CPU
		{4397DE3F-8B4B-4410-A7F4-A6174115FC8F}.Release|x86.ActiveCfg = Release|Any CPU
		{4397DE3F-8B4B-4410-A7F4-A6174115FC8F}.Release|x86.Build.0 = Release|Any CPU
		{B3908DE9-4ED2-45FC-9D8B-3CB46748DB37}.Debug|Any CPU.ActiveCfg = Debug|Any CPU
		{B3908DE9-4ED2-45FC-9D8B-3CB46748DB37}.Debug|Any CPU.Build.0 = Debug|Any CPU
		{B3908DE9-4ED2-45FC-9D8B-3CB46748DB37}.Debug|x64.ActiveCfg = Debug|Any CPU
		{B3908DE9-4ED2-45FC-9D8B-3CB46748DB37}.Debug|x64.Build.0 = Debug|Any CPU
		{B3908DE9-4ED2-45FC-9D8B-3CB46748DB37}.Debug|x86.ActiveCfg = Debug|Any CPU
		{B3908DE9-4ED2-45FC-9D8B-3CB46748DB37}.Debug|x86.Build.0 = Debug|Any CPU
		{B3908DE9-4ED2-45FC-9D8B-3CB46748DB37}.Release|Any CPU.ActiveCfg = Release|Any CPU
		{B3908DE9-4ED2-45FC-9D8B-3CB46748DB37}.Release|Any CPU.Build.0 = Release|Any CPU
		{B3908DE9-4ED2-45FC-9D8B-3CB46748DB37}.Release|x64.ActiveCfg = Release|Any CPU
		{B3908DE9-4ED2-45FC-9D8B-3CB46748DB37}.Release|x64.Build.0 = Release|Any CPU
		{B3908DE9-4ED2-45FC-9D8B-3CB46748DB37}.Release|x86.ActiveCfg = Release|Any CPU
		{B3908DE9-4ED2-45FC-9D8B-3CB46748DB37}.Release|x86.Build.0 = Release|Any CPU
		{C9B1BBA7-8518-4FAD-B9A4-3524749AB6FC}.Debug|Any CPU.ActiveCfg = Debug|Any CPU
		{C9B1BBA7-8518-4FAD-B9A4-3524749AB6FC}.Debug|Any CPU.Build.0 = Debug|Any CPU
		{C9B1BBA7-8518-4FAD-B9A4-3524749AB6FC}.Debug|x64.ActiveCfg = Debug|Any CPU
		{C9B1BBA7-8518-4FAD-B9A4-3524749AB6FC}.Debug|x64.Build.0 = Debug|Any CPU
		{C9B1BBA7-8518-4FAD-B9A4-3524749AB6FC}.Debug|x86.ActiveCfg = Debug|Any CPU
		{C9B1BBA7-8518-4FAD-B9A4-3524749AB6FC}.Debug|x86.Build.0 = Debug|Any CPU
		{C9B1BBA7-8518-4FAD-B9A4-3524749AB6FC}.Release|Any CPU.ActiveCfg = Release|Any CPU
		{C9B1BBA7-8518-4FAD-B9A4-3524749AB6FC}.Release|Any CPU.Build.0 = Release|Any CPU
		{C9B1BBA7-8518-4FAD-B9A4-3524749AB6FC}.Release|x64.ActiveCfg = Release|Any CPU
		{C9B1BBA7-8518-4FAD-B9A4-3524749AB6FC}.Release|x64.Build.0 = Release|Any CPU
		{C9B1BBA7-8518-4FAD-B9A4-3524749AB6FC}.Release|x86.ActiveCfg = Release|Any CPU
		{C9B1BBA7-8518-4FAD-B9A4-3524749AB6FC}.Release|x86.Build.0 = Release|Any CPU
	EndGlobalSection
	GlobalSection(SolutionProperties) = preSolution
		HideSolutionNode = FALSE
	EndGlobalSection
EndGlobal
